
Microsoft Visual Studio Solution File, Format Version 12.00
# Visual Studio Version 17
VisualStudioVersion = 17.6.33815.320
MinimumVisualStudioVersion = 10.0.40219.1
Project("{FAE04EC0-301F-11D3-BF4B-00C04F79EFBC}") = "ConsoleApp", "ConsoleApp\ConsoleApp.csproj", "{8A4739ED-60B7-4D89-95DA-C5FFCFF82568}"
EndProject
Global
	GlobalSection(SolutionConfigurationPlatforms) = preSolution
		Debug|Any CPU = Debug|Any CPU
		Release|Any CPU = Release|Any CPU
	EndGlobalSection
	GlobalSection(ProjectConfigurationPlatforms) = postSolution
		{8A4739ED-60B7-4D89-95DA-C5FFCFF82568}.Debug|Any CPU.ActiveCfg = Debug|Any CPU
		{8A4739ED-60B7-4D89-95DA-C5FFCFF82568}.Debug|Any CPU.Build.0 = Debug|Any CPU
		{8A4739ED-60B7-4D89-95DA-C5FFCFF82568}.Release|Any CPU.ActiveCfg = Release|Any CPU
		{8A4739ED-60B7-4D89-95DA-C5FFCFF82568}.Release|Any CPU.Build.0 = Release|Any CPU
	EndGlobalSection
	GlobalSection(SolutionProperties) = preSolution
		HideSolutionNode = FALSE
	EndGlobalSection
	GlobalSection(ExtensibilityGlobals) = postSolution
		SolutionGuid = {D44112EE-36E8-4C0A-99C8-FB76FDA5CEFD}
	EndGlobalSection
EndGlobal
